
Microsoft Visual Studio Solution File, Format Version 12.00
# Visual Studio Version 17
VisualStudioVersion = 17.13.35931.197 d17.13
MinimumVisualStudioVersion = 10.0.40219.1
Project("{FAE04EC0-301F-11D3-BF4B-00C04F79EFBC}") = "Final_Project_Connect4", "Final_Project_Connect4\Final_Project_Connect4.csproj", "{0B781A6B-D9BA-41BE-9A9C-F8062BFF3D25}"
EndProject
Global
	GlobalSection(SolutionConfigurationPlatforms) = preSolution
		Debug|Any CPU = Debug|Any CPU
		Release|Any CPU = Release|Any CPU
	EndGlobalSection
	GlobalSection(ProjectConfigurationPlatforms) = postSolution
		{0B781A6B-D9BA-41BE-9A9C-F8062BFF3D25}.Debug|Any CPU.ActiveCfg = Debug|Any CPU
		{0B781A6B-D9BA-41BE-9A9C-F8062BFF3D25}.Debug|Any CPU.Build.0 = Debug|Any CPU
		{0B781A6B-D9BA-41BE-9A9C-F8062BFF3D25}.Release|Any CPU.ActiveCfg = Release|Any CPU
		{0B781A6B-D9BA-41BE-9A9C-F8062BFF3D25}.Release|Any CPU.Build.0 = Release|Any CPU
	EndGlobalSection
	GlobalSection(SolutionProperties) = preSolution
		HideSolutionNode = FALSE
	EndGlobalSection
	GlobalSection(ExtensibilityGlobals) = postSolution
		SolutionGuid = {88CBE0C7-C8C1-4F9D-8CA1-80F8970E5351}
	EndGlobalSection
EndGlobal
